
Microsoft Visual Studio Solution File, Format Version 12.00
# Visual Studio Version 17
VisualStudioVersion = 17.0.32014.148
MinimumVisualStudioVersion = 10.0.40219.1
Project("{FAE04EC0-301F-11D3-BF4B-00C04F79EFBC}") = "MTP", "MTP\MTP.csproj", "{237F9598-B738-4496-9E88-5EFF9051BD91}"
EndProject
Global
	GlobalSection(SolutionConfigurationPlatforms) = preSolution
		Debug|Any CPU = Debug|Any CPU
		Release|Any CPU = Release|Any CPU
	EndGlobalSection
	GlobalSection(ProjectConfigurationPlatforms) = postSolution
		{237F9598-B738-4496-9E88-5EFF9051BD91}.Debug|Any CPU.ActiveCfg = Debug|Any CPU
		{237F9598-B738-4496-9E88-5EFF9051BD91}.Debug|Any CPU.Build.0 = Debug|Any CPU
		{237F9598-B738-4496-9E88-5EFF9051BD91}.Release|Any CPU.ActiveCfg = Release|Any CPU
		{237F9598-B738-4496-9E88-5EFF9051BD91}.Release|Any CPU.Build.0 = Release|Any CPU
	EndGlobalSection
	GlobalSection(SolutionProperties) = preSolution
		HideSolutionNode = FALSE
	EndGlobalSection
	GlobalSection(ExtensibilityGlobals) = postSolution
		SolutionGuid = {73A7D6FA-871B-4D13-83F5-659F8BFA0C73}
	EndGlobalSection
EndGlobal
